
Microsoft Visual Studio Solution File, Format Version 12.00
# Visual Studio Version 17
VisualStudioVersion = 17.9.34714.143
MinimumVisualStudioVersion = 10.0.40219.1
Project("{FAE04EC0-301F-11D3-BF4B-00C04F79EFBC}") = "assignment5", "assignment5.csproj", "{0DF3FF51-E653-420C-B759-52D7656973B5}"
EndProject
Global
	GlobalSection(SolutionConfigurationPlatforms) = preSolution
		Debug|Any CPU = Debug|Any CPU
		Release|Any CPU = Release|Any CPU
	EndGlobalSection
	GlobalSection(ProjectConfigurationPlatforms) = postSolution
		{0DF3FF51-E653-420C-B759-52D7656973B5}.Debug|Any CPU.ActiveCfg = Debug|Any CPU
		{0DF3FF51-E653-420C-B759-52D7656973B5}.Debug|Any CPU.Build.0 = Debug|Any CPU
		{0DF3FF51-E653-420C-B759-52D7656973B5}.Release|Any CPU.ActiveCfg = Release|Any CPU
		{0DF3FF51-E653-420C-B759-52D7656973B5}.Release|Any CPU.Build.0 = Release|Any CPU
	EndGlobalSection
	GlobalSection(SolutionProperties) = preSolution
		HideSolutionNode = FALSE
	EndGlobalSection
	GlobalSection(ExtensibilityGlobals) = postSolution
		SolutionGuid = {881EA7F7-C8A8-460D-9E09-FB5847FC86AD}
	EndGlobalSection
EndGlobal
