
Microsoft Visual Studio Solution File, Format Version 12.00
# Visual Studio Version 17
VisualStudioVersion = 17.9.34714.143
MinimumVisualStudioVersion = 10.0.40219.1
Project("{FAE04EC0-301F-11D3-BF4B-00C04F79EFBC}") = "assignment3", "assignment3.csproj", "{3A265B6E-8005-458D-A33D-BA320D46760D}"
EndProject
Global
	GlobalSection(SolutionConfigurationPlatforms) = preSolution
		Debug|Any CPU = Debug|Any CPU
		Release|Any CPU = Release|Any CPU
	EndGlobalSection
	GlobalSection(ProjectConfigurationPlatforms) = postSolution
		{3A265B6E-8005-458D-A33D-BA320D46760D}.Debug|Any CPU.ActiveCfg = Debug|Any CPU
		{3A265B6E-8005-458D-A33D-BA320D46760D}.Debug|Any CPU.Build.0 = Debug|Any CPU
		{3A265B6E-8005-458D-A33D-BA320D46760D}.Release|Any CPU.ActiveCfg = Release|Any CPU
		{3A265B6E-8005-458D-A33D-BA320D46760D}.Release|Any CPU.Build.0 = Release|Any CPU
	EndGlobalSection
	GlobalSection(SolutionProperties) = preSolution
		HideSolutionNode = FALSE
	EndGlobalSection
	GlobalSection(ExtensibilityGlobals) = postSolution
		SolutionGuid = {A7FA7CBF-CCC5-49BC-AF33-75968EC5FF7E}
	EndGlobalSection
EndGlobal
