
Microsoft Visual Studio Solution File, Format Version 12.00
# Visual Studio Version 17
VisualStudioVersion = 17.9.34902.65
MinimumVisualStudioVersion = 10.0.40219.1
Project("{FAE04EC0-301F-11D3-BF4B-00C04F79EFBC}") = "WebJob1", "WebJob1.csproj", "{76555A7A-31F3-44E0-9B4F-790D0C9C0C4D}"
EndProject
Global
	GlobalSection(SolutionConfigurationPlatforms) = preSolution
		Debug|Any CPU = Debug|Any CPU
		Release|Any CPU = Release|Any CPU
	EndGlobalSection
	GlobalSection(ProjectConfigurationPlatforms) = postSolution
		{76555A7A-31F3-44E0-9B4F-790D0C9C0C4D}.Debug|Any CPU.ActiveCfg = Debug|Any CPU
		{76555A7A-31F3-44E0-9B4F-790D0C9C0C4D}.Debug|Any CPU.Build.0 = Debug|Any CPU
		{76555A7A-31F3-44E0-9B4F-790D0C9C0C4D}.Release|Any CPU.ActiveCfg = Release|Any CPU
		{76555A7A-31F3-44E0-9B4F-790D0C9C0C4D}.Release|Any CPU.Build.0 = Release|Any CPU
	EndGlobalSection
	GlobalSection(SolutionProperties) = preSolution
		HideSolutionNode = FALSE
	EndGlobalSection
	GlobalSection(ExtensibilityGlobals) = postSolution
		SolutionGuid = {1214C972-EAE0-409C-AB70-C173978E60AB}
	EndGlobalSection
EndGlobal
