
Microsoft Visual Studio Solution File, Format Version 12.00
# Visual Studio Version 17
VisualStudioVersion = 17.9.34714.143
MinimumVisualStudioVersion = 10.0.40219.1
Project("{FAE04EC0-301F-11D3-BF4B-00C04F79EFBC}") = "assignment2", "assignment2.csproj", "{B6CC8A33-E879-4CB1-9B61-02CEFE1397C2}"
EndProject
Global
	GlobalSection(SolutionConfigurationPlatforms) = preSolution
		Debug|Any CPU = Debug|Any CPU
		Release|Any CPU = Release|Any CPU
	EndGlobalSection
	GlobalSection(ProjectConfigurationPlatforms) = postSolution
		{B6CC8A33-E879-4CB1-9B61-02CEFE1397C2}.Debug|Any CPU.ActiveCfg = Debug|Any CPU
		{B6CC8A33-E879-4CB1-9B61-02CEFE1397C2}.Debug|Any CPU.Build.0 = Debug|Any CPU
		{B6CC8A33-E879-4CB1-9B61-02CEFE1397C2}.Release|Any CPU.ActiveCfg = Release|Any CPU
		{B6CC8A33-E879-4CB1-9B61-02CEFE1397C2}.Release|Any CPU.Build.0 = Release|Any CPU
	EndGlobalSection
	GlobalSection(SolutionProperties) = preSolution
		HideSolutionNode = FALSE
	EndGlobalSection
	GlobalSection(ExtensibilityGlobals) = postSolution
		SolutionGuid = {56FAA073-3D3C-45BC-B523-667FB6FC0470}
	EndGlobalSection
EndGlobal
