
Microsoft Visual Studio Solution File, Format Version 12.00
# Visual Studio Version 17
VisualStudioVersion = 17.9.34714.143
MinimumVisualStudioVersion = 10.0.40219.1
Project("{FAE04EC0-301F-11D3-BF4B-00C04F79EFBC}") = "assignment1", "assignment1.csproj", "{0453263C-3586-46AB-9CBB-B1A12F58F691}"
EndProject
Global
	GlobalSection(SolutionConfigurationPlatforms) = preSolution
		Debug|Any CPU = Debug|Any CPU
		Release|Any CPU = Release|Any CPU
	EndGlobalSection
	GlobalSection(ProjectConfigurationPlatforms) = postSolution
		{0453263C-3586-46AB-9CBB-B1A12F58F691}.Debug|Any CPU.ActiveCfg = Debug|Any CPU
		{0453263C-3586-46AB-9CBB-B1A12F58F691}.Debug|Any CPU.Build.0 = Debug|Any CPU
		{0453263C-3586-46AB-9CBB-B1A12F58F691}.Release|Any CPU.ActiveCfg = Release|Any CPU
		{0453263C-3586-46AB-9CBB-B1A12F58F691}.Release|Any CPU.Build.0 = Release|Any CPU
	EndGlobalSection
	GlobalSection(SolutionProperties) = preSolution
		HideSolutionNode = FALSE
	EndGlobalSection
	GlobalSection(ExtensibilityGlobals) = postSolution
		SolutionGuid = {357D2337-942C-4AB1-92FC-595E7A318EF8}
	EndGlobalSection
EndGlobal
