
Microsoft Visual Studio Solution File, Format Version 12.00
# Visual Studio Version 17
VisualStudioVersion = 17.9.34714.143
MinimumVisualStudioVersion = 10.0.40219.1
Project("{FAE04EC0-301F-11D3-BF4B-00C04F79EFBC}") = "assignment4", "assignment4.csproj", "{A1BF80D3-8DA7-47EF-973F-FE33D13ADB0D}"
EndProject
Global
	GlobalSection(SolutionConfigurationPlatforms) = preSolution
		Debug|Any CPU = Debug|Any CPU
		Release|Any CPU = Release|Any CPU
	EndGlobalSection
	GlobalSection(ProjectConfigurationPlatforms) = postSolution
		{A1BF80D3-8DA7-47EF-973F-FE33D13ADB0D}.Debug|Any CPU.ActiveCfg = Debug|Any CPU
		{A1BF80D3-8DA7-47EF-973F-FE33D13ADB0D}.Debug|Any CPU.Build.0 = Debug|Any CPU
		{A1BF80D3-8DA7-47EF-973F-FE33D13ADB0D}.Release|Any CPU.ActiveCfg = Release|Any CPU
		{A1BF80D3-8DA7-47EF-973F-FE33D13ADB0D}.Release|Any CPU.Build.0 = Release|Any CPU
	EndGlobalSection
	GlobalSection(SolutionProperties) = preSolution
		HideSolutionNode = FALSE
	EndGlobalSection
	GlobalSection(ExtensibilityGlobals) = postSolution
		SolutionGuid = {905BF49D-3C64-4422-8704-64F1C285F24E}
	EndGlobalSection
EndGlobal
